// !$*UTF8*$!
{
	archiveVersion = 1;
	classes = {
	};
	objectVersion = 50;
	objects = {

/* Begin PBXBuildFile section */
		49473C2E220C7A05006120A1 /* DataModel.xcdatamodeld in Sources */ = {isa = PBXBuildFile; fileRef = 49473C2C220C7A05006120A1 /* DataModel.xcdatamodeld */; };
		49473C30220DDA15006120A1 /* CategoryViewController.swift in Sources */ = {isa = PBXBuildFile; fileRef = 49473C2F220DDA15006120A1 /* CategoryViewController.swift */; };
		5400515C21ECC429009B55D9 /* AppDelegate.swift in Sources */ = {isa = PBXBuildFile; fileRef = 5400515B21ECC429009B55D9 /* AppDelegate.swift */; };
		5400515E21ECC429009B55D9 /* TodoListViewController.swift in Sources */ = {isa = PBXBuildFile; fileRef = 5400515D21ECC429009B55D9 /* TodoListViewController.swift */; };
		5400516121ECC429009B55D9 /* Main.storyboard in Resources */ = {isa = PBXBuildFile; fileRef = 5400515F21ECC429009B55D9 /* Main.storyboard */; };
		5400516321ECC42B009B55D9 /* Assets.xcassets in Resources */ = {isa = PBXBuildFile; fileRef = 5400516221ECC42B009B55D9 /* Assets.xcassets */; };
		5400516621ECC42B009B55D9 /* LaunchScreen.storyboard in Resources */ = {isa = PBXBuildFile; fileRef = 5400516421ECC42B009B55D9 /* LaunchScreen.storyboard */; };
		5400517121ECC42B009B55D9 /* TodoAppTests.swift in Sources */ = {isa = PBXBuildFile; fileRef = 5400517021ECC42B009B55D9 /* TodoAppTests.swift */; };
		5400517C21ECC42B009B55D9 /* TodoAppUITests.swift in Sources */ = {isa = PBXBuildFile; fileRef = 5400517B21ECC42B009B55D9 /* TodoAppUITests.swift */; };
/* End PBXBuildFile section */

/* Begin PBXContainerItemProxy section */
		5400516D21ECC42B009B55D9 /* PBXContainerItemProxy */ = {
			isa = PBXContainerItemProxy;
			containerPortal = 5400515021ECC429009B55D9 /* Project object */;
			proxyType = 1;
			remoteGlobalIDString = 5400515721ECC429009B55D9;
			remoteInfo = TodoApp;
		};
		5400517821ECC42B009B55D9 /* PBXContainerItemProxy */ = {
			isa = PBXContainerItemProxy;
			containerPortal = 5400515021ECC429009B55D9 /* Project object */;
			proxyType = 1;
			remoteGlobalIDString = 5400515721ECC429009B55D9;
			remoteInfo = TodoApp;
		};
/* End PBXContainerItemProxy section */

/* Begin PBXFileReference section */
		49473C2D220C7A05006120A1 /* DataModel.xcdatamodel */ = {isa = PBXFileReference; lastKnownFileType = wrapper.xcdatamodel; path = DataModel.xcdatamodel; sourceTree = "<group>"; };
		49473C2F220DDA15006120A1 /* CategoryViewController.swift */ = {isa = PBXFileReference; lastKnownFileType = sourcecode.swift; path = CategoryViewController.swift; sourceTree = "<group>"; };
		5400515821ECC429009B55D9 /* TodoApp.app */ = {isa = PBXFileReference; explicitFileType = wrapper.application; includeInIndex = 0; path = TodoApp.app; sourceTree = BUILT_PRODUCTS_DIR; };
		5400515B21ECC429009B55D9 /* AppDelegate.swift */ = {isa = PBXFileReference; lastKnownFileType = sourcecode.swift; path = AppDelegate.swift; sourceTree = "<group>"; };
		5400515D21ECC429009B55D9 /* TodoListViewController.swift */ = {isa = PBXFileReference; lastKnownFileType = sourcecode.swift; path = TodoListViewController.swift; sourceTree = "<group>"; };
		5400516021ECC429009B55D9 /* Base */ = {isa = PBXFileReference; lastKnownFileType = file.storyboard; name = Base; path = Base.lproj/Main.storyboard; sourceTree = "<group>"; };
		5400516221ECC42B009B55D9 /* Assets.xcassets */ = {isa = PBXFileReference; lastKnownFileType = folder.assetcatalog; path = Assets.xcassets; sourceTree = "<group>"; };
		5400516521ECC42B009B55D9 /* Base */ = {isa = PBXFileReference; lastKnownFileType = file.storyboard; name = Base; path = Base.lproj/LaunchScreen.storyboard; sourceTree = "<group>"; };
		5400516721ECC42B009B55D9 /* Info.plist */ = {isa = PBXFileReference; lastKnownFileType = text.plist.xml; path = Info.plist; sourceTree = "<group>"; };
		5400516C21ECC42B009B55D9 /* TodoAppTests.xctest */ = {isa = PBXFileReference; explicitFileType = wrapper.cfbundle; includeInIndex = 0; path = TodoAppTests.xctest; sourceTree = BUILT_PRODUCTS_DIR; };
		5400517021ECC42B009B55D9 /* TodoAppTests.swift */ = {isa = PBXFileReference; lastKnownFileType = sourcecode.swift; path = TodoAppTests.swift; sourceTree = "<group>"; };
		5400517221ECC42B009B55D9 /* Info.plist */ = {isa = PBXFileReference; lastKnownFileType = text.plist.xml; path = Info.plist; sourceTree = "<group>"; };
		5400517721ECC42B009B55D9 /* TodoAppUITests.xctest */ = {isa = PBXFileReference; explicitFileType = wrapper.cfbundle; includeInIndex = 0; path = TodoAppUITests.xctest; sourceTree = BUILT_PRODUCTS_DIR; };
		5400517B21ECC42B009B55D9 /* TodoAppUITests.swift */ = {isa = PBXFileReference; lastKnownFileType = sourcecode.swift; path = TodoAppUITests.swift; sourceTree = "<group>"; };
		5400517D21ECC42B009B55D9 /* Info.plist */ = {isa = PBXFileReference; lastKnownFileType = text.plist.xml; path = Info.plist; sourceTree = "<group>"; };
/* End PBXFileReference section */

/* Begin PBXFrameworksBuildPhase section */
		5400515521ECC429009B55D9 /* Frameworks */ = {
			isa = PBXFrameworksBuildPhase;
			buildActionMask = 2147483647;
			files = (
			);
			runOnlyForDeploymentPostprocessing = 0;
		};
		5400516921ECC42B009B55D9 /* Frameworks */ = {
			isa = PBXFrameworksBuildPhase;
			buildActionMask = 2147483647;
			files = (
			);
			runOnlyForDeploymentPostprocessing = 0;
		};
		5400517421ECC42B009B55D9 /* Frameworks */ = {
			isa = PBXFrameworksBuildPhase;
			buildActionMask = 2147483647;
			files = (
			);
			runOnlyForDeploymentPostprocessing = 0;
		};
/* End PBXFrameworksBuildPhase section */

/* Begin PBXGroup section */
		495D2B69220AFF3900B56160 /* Data Model */ = {
			isa = PBXGroup;
			children = (
				49473C2C220C7A05006120A1 /* DataModel.xcdatamodeld */,
			);
			path = "Data Model";
			sourceTree = "<group>";
		};
		495D2B6A220AFF4800B56160 /* Controllers */ = {
			isa = PBXGroup;
			children = (
				49473C2F220DDA15006120A1 /* CategoryViewController.swift */,
				5400515D21ECC429009B55D9 /* TodoListViewController.swift */,
			);
			path = Controllers;
			sourceTree = "<group>";
		};
		495D2B6B220AFF6500B56160 /* View */ = {
			isa = PBXGroup;
			children = (
				5400515F21ECC429009B55D9 /* Main.storyboard */,
			);
			path = View;
			sourceTree = "<group>";
		};
		495D2B6C220AFF8A00B56160 /* Supporting Files */ = {
			isa = PBXGroup;
			children = (
				5400516221ECC42B009B55D9 /* Assets.xcassets */,
				5400516421ECC42B009B55D9 /* LaunchScreen.storyboard */,
			);
			path = "Supporting Files";
			sourceTree = "<group>";
		};
		5400514F21ECC429009B55D9 = {
			isa = PBXGroup;
			children = (
				5400515A21ECC429009B55D9 /* TodoApp */,
				5400516F21ECC42B009B55D9 /* TodoAppTests */,
				5400517A21ECC42B009B55D9 /* TodoAppUITests */,
				5400515921ECC429009B55D9 /* Products */,
			);
			sourceTree = "<group>";
		};
		5400515921ECC429009B55D9 /* Products */ = {
			isa = PBXGroup;
			children = (
				5400515821ECC429009B55D9 /* TodoApp.app */,
				5400516C21ECC42B009B55D9 /* TodoAppTests.xctest */,
				5400517721ECC42B009B55D9 /* TodoAppUITests.xctest */,
			);
			name = Products;
			sourceTree = "<group>";
		};
		5400515A21ECC429009B55D9 /* TodoApp */ = {
			isa = PBXGroup;
			children = (
				5400515B21ECC429009B55D9 /* AppDelegate.swift */,
				495D2B6A220AFF4800B56160 /* Controllers */,
				495D2B69220AFF3900B56160 /* Data Model */,
				495D2B6B220AFF6500B56160 /* View */,
				495D2B6C220AFF8A00B56160 /* Supporting Files */,
				5400516721ECC42B009B55D9 /* Info.plist */,
			);
			path = TodoApp;
			sourceTree = "<group>";
		};
		5400516F21ECC42B009B55D9 /* TodoAppTests */ = {
			isa = PBXGroup;
			children = (
				5400517021ECC42B009B55D9 /* TodoAppTests.swift */,
				5400517221ECC42B009B55D9 /* Info.plist */,
			);
			path = TodoAppTests;
			sourceTree = "<group>";
		};
		5400517A21ECC42B009B55D9 /* TodoAppUITests */ = {
			isa = PBXGroup;
			children = (
				5400517B21ECC42B009B55D9 /* TodoAppUITests.swift */,
				5400517D21ECC42B009B55D9 /* Info.plist */,
			);
			path = TodoAppUITests;
			sourceTree = "<group>";
		};
/* End PBXGroup section */

/* Begin PBXNativeTarget section */
		5400515721ECC429009B55D9 /* TodoApp */ = {
			isa = PBXNativeTarget;
			buildConfigurationList = 5400518021ECC42B009B55D9 /* Build configuration list for PBXNativeTarget "TodoApp" */;
			buildPhases = (
				5400515421ECC429009B55D9 /* Sources */,
				5400515521ECC429009B55D9 /* Frameworks */,
				5400515621ECC429009B55D9 /* Resources */,
			);
			buildRules = (
			);
			dependencies = (
			);
			name = TodoApp;
			productName = TodoApp;
			productReference = 5400515821ECC429009B55D9 /* TodoApp.app */;
			productType = "com.apple.product-type.application";
		};
		5400516B21ECC42B009B55D9 /* TodoAppTests */ = {
			isa = PBXNativeTarget;
			buildConfigurationList = 5400518321ECC42B009B55D9 /* Build configuration list for PBXNativeTarget "TodoAppTests" */;
			buildPhases = (
				5400516821ECC42B009B55D9 /* Sources */,
				5400516921ECC42B009B55D9 /* Frameworks */,
				5400516A21ECC42B009B55D9 /* Resources */,
			);
			buildRules = (
			);
			dependencies = (
				5400516E21ECC42B009B55D9 /* PBXTargetDependency */,
			);
			name = TodoAppTests;
			productName = TodoAppTests;
			productReference = 5400516C21ECC42B009B55D9 /* TodoAppTests.xctest */;
			productType = "com.apple.product-type.bundle.unit-test";
		};
		5400517621ECC42B009B55D9 /* TodoAppUITests */ = {
			isa = PBXNativeTarget;
			buildConfigurationList = 5400518621ECC42B009B55D9 /* Build configuration list for PBXNativeTarget "TodoAppUITests" */;
			buildPhases = (
				5400517321ECC42B009B55D9 /* Sources */,
				5400517421ECC42B009B55D9 /* Frameworks */,
				5400517521ECC42B009B55D9 /* Resources */,
			);
			buildRules = (
			);
			dependencies = (
				5400517921ECC42B009B55D9 /* PBXTargetDependency */,
			);
			name = TodoAppUITests;
			productName = TodoAppUITests;
			productReference = 5400517721ECC42B009B55D9 /* TodoAppUITests.xctest */;
			productType = "com.apple.product-type.bundle.ui-testing";
		};
/* End PBXNativeTarget section */

/* Begin PBXProject section */
		5400515021ECC429009B55D9 /* Project object */ = {
			isa = PBXProject;
			attributes = {
				LastSwiftUpdateCheck = 1010;
				LastUpgradeCheck = 1010;
				ORGANIZATIONNAME = Zenze;
				TargetAttributes = {
					5400515721ECC429009B55D9 = {
						CreatedOnToolsVersion = 10.1;
					};
					5400516B21ECC42B009B55D9 = {
						CreatedOnToolsVersion = 10.1;
						TestTargetID = 5400515721ECC429009B55D9;
					};
					5400517621ECC42B009B55D9 = {
						CreatedOnToolsVersion = 10.1;
						TestTargetID = 5400515721ECC429009B55D9;
					};
				};
			};
			buildConfigurationList = 5400515321ECC429009B55D9 /* Build configuration list for PBXProject "TodoApp" */;
			compatibilityVersion = "Xcode 9.3";
			developmentRegion = en;
			hasScannedForEncodings = 0;
			knownRegions = (
				en,
				Base,
			);
			mainGroup = 5400514F21ECC429009B55D9;
			productRefGroup = 5400515921ECC429009B55D9 /* Products */;
			projectDirPath = "";
			projectRoot = "";
			targets = (
				5400515721ECC429009B55D9 /* TodoApp */,
				5400516B21ECC42B009B55D9 /* TodoAppTests */,
				5400517621ECC42B009B55D9 /* TodoAppUITests */,
			);
		};
/* End PBXProject section */

/* Begin PBXResourcesBuildPhase section */
		5400515621ECC429009B55D9 /* Resources */ = {
			isa = PBXResourcesBuildPhase;
			buildActionMask = 2147483647;
			files = (
				5400516621ECC42B009B55D9 /* LaunchScreen.storyboard in Resources */,
				5400516321ECC42B009B55D9 /* Assets.xcassets in Resources */,
				5400516121ECC429009B55D9 /* Main.storyboard in Resources */,
			);
			runOnlyForDeploymentPostprocessing = 0;
		};
		5400516A21ECC42B009B55D9 /* Resources */ = {
			isa = PBXResourcesBuildPhase;
			buildActionMask = 2147483647;
			files = (
			);
			runOnlyForDeploymentPostprocessing = 0;
		};
		5400517521ECC42B009B55D9 /* Resources */ = {
			isa = PBXResourcesBuildPhase;
			buildActionMask = 2147483647;
			files = (
			);
			runOnlyForDeploymentPostprocessing = 0;
		};
/* End PBXResourcesBuildPhase section */

/* Begin PBXSourcesBuildPhase section */
		5400515421ECC429009B55D9 /* Sources */ = {
			isa = PBXSourcesBuildPhase;
			buildActionMask = 2147483647;
			files = (
				49473C30220DDA15006120A1 /* CategoryViewController.swift in Sources */,
				5400515E21ECC429009B55D9 /* TodoListViewController.swift in Sources */,
				49473C2E220C7A05006120A1 /* DataModel.xcdatamodeld in Sources */,
				5400515C21ECC429009B55D9 /* AppDelegate.swift in Sources */,
			);
			runOnlyForDeploymentPostprocessing = 0;
		};
		5400516821ECC42B009B55D9 /* Sources */ = {
			isa = PBXSourcesBuildPhase;
			buildActionMask = 2147483647;
			files = (
				5400517121ECC42B009B55D9 /* TodoAppTests.swift in Sources */,
			);
			runOnlyForDeploymentPostprocessing = 0;
		};
		5400517321ECC42B009B55D9 /* Sources */ = {
			isa = PBXSourcesBuildPhase;
			buildActionMask = 2147483647;
			files = (
				5400517C21ECC42B009B55D9 /* TodoAppUITests.swift in Sources */,
			);
			runOnlyForDeploymentPostprocessing = 0;
		};
/* End PBXSourcesBuildPhase section */

/* Begin PBXTargetDependency section */
		5400516E21ECC42B009B55D9 /* PBXTargetDependency */ = {
			isa = PBXTargetDependency;
			target = 5400515721ECC429009B55D9 /* TodoApp */;
			targetProxy = 5400516D21ECC42B009B55D9 /* PBXContainerItemProxy */;
		};
		5400517921ECC42B009B55D9 /* PBXTargetDependency */ = {
			isa = PBXTargetDependency;
			target = 5400515721ECC429009B55D9 /* TodoApp */;
			targetProxy = 5400517821ECC42B009B55D9 /* PBXContainerItemProxy */;
		};
/* End PBXTargetDependency section */

/* Begin PBXVariantGroup section */
		5400515F21ECC429009B55D9 /* Main.storyboard */ = {
			isa = PBXVariantGroup;
			children = (
				5400516021ECC429009B55D9 /* Base */,
			);
			name = Main.storyboard;
			sourceTree = "<group>";
		};
		5400516421ECC42B009B55D9 /* LaunchScreen.storyboard */ = {
			isa = PBXVariantGroup;
			children = (
				5400516521ECC42B009B55D9 /* Base */,
			);
			name = LaunchScreen.storyboard;
			sourceTree = "<group>";
		};
/* End PBXVariantGroup section */

/* Begin XCBuildConfiguration section */
		5400517E21ECC42B009B55D9 /* Debug */ = {
			isa = XCBuildConfiguration;
			buildSettings = {
				ALWAYS_SEARCH_USER_PATHS = NO;
				CLANG_ANALYZER_NONNULL = YES;
				CLANG_ANALYZER_NUMBER_OBJECT_CONVERSION = YES_AGGRESSIVE;
				CLANG_CXX_LANGUAGE_STANDARD = "gnu++14";
				CLANG_CXX_LIBRARY = "libc++";
				CLANG_ENABLE_MODULES = YES;
				CLANG_ENABLE_OBJC_ARC = YES;
				CLANG_ENABLE_OBJC_WEAK = YES;
				CLANG_WARN_BLOCK_CAPTURE_AUTORELEASING = YES;
				CLANG_WARN_BOOL_CONVERSION = YES;
				CLANG_WARN_COMMA = YES;
				CLANG_WARN_CONSTANT_CONVERSION = YES;
				CLANG_WARN_DEPRECATED_OBJC_IMPLEMENTATIONS = YES;
				CLANG_WARN_DIRECT_OBJC_ISA_USAGE = YES_ERROR;
				CLANG_WARN_DOCUMENTATION_COMMENTS = YES;
				CLANG_WARN_EMPTY_BODY = YES;
				CLANG_WARN_ENUM_CONVERSION = YES;
				CLANG_WARN_INFINITE_RECURSION = YES;
				CLANG_WARN_INT_CONVERSION = YES;
				CLANG_WARN_NON_LITERAL_NULL_CONVERSION = YES;
				CLANG_WARN_OBJC_IMPLICIT_RETAIN_SELF = YES;
				CLANG_WARN_OBJC_LITERAL_CONVERSION = YES;
				CLANG_WARN_OBJC_ROOT_CLASS = YES_ERROR;
				CLANG_WARN_RANGE_LOOP_ANALYSIS = YES;
				CLANG_WARN_STRICT_PROTOTYPES = YES;
				CLANG_WARN_SUSPICIOUS_MOVE = YES;
				CLANG_WARN_UNGUARDED_AVAILABILITY = YES_AGGRESSIVE;
				CLANG_WARN_UNREACHABLE_CODE = YES;
				CLANG_WARN__DUPLICATE_METHOD_MATCH = YES;
				CODE_SIGN_IDENTITY = "iPhone Developer";
				COPY_PHASE_STRIP = NO;
				DEBUG_INFORMATION_FORMAT = dwarf;
				ENABLE_STRICT_OBJC_MSGSEND = YES;
				ENABLE_TESTABILITY = YES;
				GCC_C_LANGUAGE_STANDARD = gnu11;
				GCC_DYNAMIC_NO_PIC = NO;
				GCC_NO_COMMON_BLOCKS = YES;
				GCC_OPTIMIZATION_LEVEL = 0;
				GCC_PREPROCESSOR_DEFINITIONS = (
					"DEBUG=1",
					"$(inherited)",
				);
				GCC_WARN_64_TO_32_BIT_CONVERSION = YES;
				GCC_WARN_ABOUT_RETURN_TYPE = YES_ERROR;
				GCC_WARN_UNDECLARED_SELECTOR = YES;
				GCC_WARN_UNINITIALIZED_AUTOS = YES_AGGRESSIVE;
				GCC_WARN_UNUSED_FUNCTION = YES;
				GCC_WARN_UNUSED_VARIABLE = YES;
				IPHONEOS_DEPLOYMENT_TARGET = 12.1;
				MTL_ENABLE_DEBUG_INFO = INCLUDE_SOURCE;
				MTL_FAST_MATH = YES;
				ONLY_ACTIVE_ARCH = YES;
				SDKROOT = iphoneos;
				SWIFT_ACTIVE_COMPILATION_CONDITIONS = DEBUG;
				SWIFT_OPTIMIZATION_LEVEL = "-Onone";
			};
			name = Debug;
		};
		5400517F21ECC42B009B55D9 /* Release */ = {
			isa = XCBuildConfiguration;
			buildSettings = {
				ALWAYS_SEARCH_USER_PATHS = NO;
				CLANG_ANALYZER_NONNULL = YES;
				CLANG_ANALYZER_NUMBER_OBJECT_CONVERSION = YES_AGGRESSIVE;
				CLANG_CXX_LANGUAGE_STANDARD = "gnu++14";
				CLANG_CXX_LIBRARY = "libc++";
				CLANG_ENABLE_MODULES = YES;
				CLANG_ENABLE_OBJC_ARC = YES;
				CLANG_ENABLE_OBJC_WEAK = YES;
				CLANG_WARN_BLOCK_CAPTURE_AUTORELEASING = YES;
				CLANG_WARN_BOOL_CONVERSION = YES;
				CLANG_WARN_COMMA = YES;
				CLANG_WARN_CONSTANT_CONVERSION = YES;
				CLANG_WARN_DEPRECATED_OBJC_IMPLEMENTATIONS = YES;
				CLANG_WARN_DIRECT_OBJC_ISA_USAGE = YES_ERROR;
				CLANG_WARN_DOCUMENTATION_COMMENTS = YES;
				CLANG_WARN_EMPTY_BODY = YES;
				CLANG_WARN_ENUM_CONVERSION = YES;
				CLANG_WARN_INFINITE_RECURSION = YES;
				CLANG_WARN_INT_CONVERSION = YES;
				CLANG_WARN_NON_LITERAL_NULL_CONVERSION = YES;
				CLANG_WARN_OBJC_IMPLICIT_RETAIN_SELF = YES;
				CLANG_WARN_OBJC_LITERAL_CONVERSION = YES;
				CLANG_WARN_OBJC_ROOT_CLASS = YES_ERROR;
				CLANG_WARN_RANGE_LOOP_ANALYSIS = YES;
				CLANG_WARN_STRICT_PROTOTYPES = YES;
				CLANG_WARN_SUSPICIOUS_MOVE = YES;
				CLANG_WARN_UNGUARDED_AVAILABILITY = YES_AGGRESSIVE;
				CLANG_WARN_UNREACHABLE_CODE = YES;
				CLANG_WARN__DUPLICATE_METHOD_MATCH = YES;
				CODE_SIGN_IDENTITY = "iPhone Developer";
				COPY_PHASE_STRIP = NO;
				DEBUG_INFORMATION_FORMAT = "dwarf-with-dsym";
				ENABLE_NS_ASSERTIONS = NO;
				ENABLE_STRICT_OBJC_MSGSEND = YES;
				GCC_C_LANGUAGE_STANDARD = gnu11;
				GCC_NO_COMMON_BLOCKS = YES;
				GCC_WARN_64_TO_32_BIT_CONVERSION = YES;
				GCC_WARN_ABOUT_RETURN_TYPE = YES_ERROR;
				GCC_WARN_UNDECLARED_SELECTOR = YES;
				GCC_WARN_UNINITIALIZED_AUTOS = YES_AGGRESSIVE;
				GCC_WARN_UNUSED_FUNCTION = YES;
				GCC_WARN_UNUSED_VARIABLE = YES;
				IPHONEOS_DEPLOYMENT_TARGET = 12.1;
				MTL_ENABLE_DEBUG_INFO = NO;
				MTL_FAST_MATH = YES;
				SDKROOT = iphoneos;
				SWIFT_COMPILATION_MODE = wholemodule;
				SWIFT_OPTIMIZATION_LEVEL = "-O";
				VALIDATE_PRODUCT = YES;
			};
			name = Release;
		};
		5400518121ECC42B009B55D9 /* Debug */ = {
			isa = XCBuildConfiguration;
			buildSettings = {
				ASSETCATALOG_COMPILER_APPICON_NAME = AppIcon;
				CODE_SIGN_STYLE = Automatic;
				DEVELOPMENT_TEAM = UGFGFZ27B5;
				INFOPLIST_FILE = TodoApp/Info.plist;
				LD_RUNPATH_SEARCH_PATHS = (
					"$(inherited)",
					"@executable_path/Frameworks",
				);
				PRODUCT_BUNDLE_IDENTIFIER = zenze.TodoApp;
				PRODUCT_NAME = "$(TARGET_NAME)";
				SWIFT_VERSION = 4.2;
				TARGETED_DEVICE_FAMILY = "1,2";
			};
			name = Debug;
		};
		5400518221ECC42B009B55D9 /* Release */ = {
			isa = XCBuildConfiguration;
			buildSettings = {
				ASSETCATALOG_COMPILER_APPICON_NAME = AppIcon;
				CODE_SIGN_STYLE = Automatic;
				DEVELOPMENT_TEAM = UGFGFZ27B5;
				INFOPLIST_FILE = TodoApp/Info.plist;
				LD_RUNPATH_SEARCH_PATHS = (
					"$(inherited)",
					"@executable_path/Frameworks",
				);
				PRODUCT_BUNDLE_IDENTIFIER = zenze.TodoApp;
				PRODUCT_NAME = "$(TARGET_NAME)";
				SWIFT_VERSION = 4.2;
				TARGETED_DEVICE_FAMILY = "1,2";
			};
			name = Release;
		};
		5400518421ECC42B009B55D9 /* Debug */ = {
			isa = XCBuildConfiguration;
			buildSettings = {
				ALWAYS_EMBED_SWIFT_STANDARD_LIBRARIES = YES;
				BUNDLE_LOADER = "$(TEST_HOST)";
				CODE_SIGN_STYLE = Automatic;
				INFOPLIST_FILE = TodoAppTests/Info.plist;
				LD_RUNPATH_SEARCH_PATHS = (
					"$(inherited)",
					"@executable_path/Frameworks",
					"@loader_path/Frameworks",
				);
				PRODUCT_BUNDLE_IDENTIFIER = zenze.TodoAppTests;
				PRODUCT_NAME = "$(TARGET_NAME)";
				SWIFT_VERSION = 4.2;
				TARGETED_DEVICE_FAMILY = "1,2";
				TEST_HOST = "$(BUILT_PRODUCTS_DIR)/TodoApp.app/TodoApp";
			};
			name = Debug;
		};
		5400518521ECC42B009B55D9 /* Release */ = {
			isa = XCBuildConfiguration;
			buildSettings = {
				ALWAYS_EMBED_SWIFT_STANDARD_LIBRARIES = YES;
				BUNDLE_LOADER = "$(TEST_HOST)";
				CODE_SIGN_STYLE = Automatic;
				INFOPLIST_FILE = TodoAppTests/Info.plist;
				LD_RUNPATH_SEARCH_PATHS = (
					"$(inherited)",
					"@executable_path/Frameworks",
					"@loader_path/Frameworks",
				);
				PRODUCT_BUNDLE_IDENTIFIER = zenze.TodoAppTests;
				PRODUCT_NAME = "$(TARGET_NAME)";
				SWIFT_VERSION = 4.2;
				TARGETED_DEVICE_FAMILY = "1,2";
				TEST_HOST = "$(BUILT_PRODUCTS_DIR)/TodoApp.app/TodoApp";
			};
			name = Release;
		};
		5400518721ECC42B009B55D9 /* Debug */ = {
			isa = XCBuildConfiguration;
			buildSettings = {
				ALWAYS_EMBED_SWIFT_STANDARD_LIBRARIES = YES;
				CODE_SIGN_STYLE = Automatic;
				INFOPLIST_FILE = TodoAppUITests/Info.plist;
				LD_RUNPATH_SEARCH_PATHS = (
					"$(inherited)",
					"@executable_path/Frameworks",
					"@loader_path/Frameworks",
				);
				PRODUCT_BUNDLE_IDENTIFIER = zenze.TodoAppUITests;
				PRODUCT_NAME = "$(TARGET_NAME)";
				SWIFT_VERSION = 4.2;
				TARGETED_DEVICE_FAMILY = "1,2";
				TEST_TARGET_NAME = TodoApp;
			};
			name = Debug;
		};
		5400518821ECC42B009B55D9 /* Release */ = {
			isa = XCBuildConfiguration;
			buildSettings = {
				ALWAYS_EMBED_SWIFT_STANDARD_LIBRARIES = YES;
				CODE_SIGN_STYLE = Automatic;
				INFOPLIST_FILE = TodoAppUITests/Info.plist;
				LD_RUNPATH_SEARCH_PATHS = (
					"$(inherited)",
					"@executable_path/Frameworks",
					"@loader_path/Frameworks",
				);
				PRODUCT_BUNDLE_IDENTIFIER = zenze.TodoAppUITests;
				PRODUCT_NAME = "$(TARGET_NAME)";
				SWIFT_VERSION = 4.2;
				TARGETED_DEVICE_FAMILY = "1,2";
				TEST_TARGET_NAME = TodoApp;
			};
			name = Release;
		};
/* End XCBuildConfiguration section */

/* Begin XCConfigurationList section */
		5400515321ECC429009B55D9 /* Build configuration list for PBXProject "TodoApp" */ = {
			isa = XCConfigurationList;
			buildConfigurations = (
				5400517E21ECC42B009B55D9 /* Debug */,
				5400517F21ECC42B009B55D9 /* Release */,
			);
			defaultConfigurationIsVisible = 0;
			defaultConfigurationName = Release;
		};
		5400518021ECC42B009B55D9 /* Build configuration list for PBXNativeTarget "TodoApp" */ = {
			isa = XCConfigurationList;
			buildConfigurations = (
				5400518121ECC42B009B55D9 /* Debug */,
				5400518221ECC42B009B55D9 /* Release */,
			);
			defaultConfigurationIsVisible = 0;
			defaultConfigurationName = Release;
		};
		5400518321ECC42B009B55D9 /* Build configuration list for PBXNativeTarget "TodoAppTests" */ = {
			isa = XCConfigurationList;
			buildConfigurations = (
				5400518421ECC42B009B55D9 /* Debug */,
				5400518521ECC42B009B55D9 /* Release */,
			);
			defaultConfigurationIsVisible = 0;
			defaultConfigurationName = Release;
		};
		5400518621ECC42B009B55D9 /* Build configuration list for PBXNativeTarget "TodoAppUITests" */ = {
			isa = XCConfigurationList;
			buildConfigurations = (
				5400518721ECC42B009B55D9 /* Debug */,
				5400518821ECC42B009B55D9 /* Release */,
			);
			defaultConfigurationIsVisible = 0;
			defaultConfigurationName = Release;
		};
/* End XCConfigurationList section */

/* Begin XCVersionGroup section */
		49473C2C220C7A05006120A1 /* DataModel.xcdatamodeld */ = {
			isa = XCVersionGroup;
			children = (
				49473C2D220C7A05006120A1 /* DataModel.xcdatamodel */,
			);
			currentVersion = 49473C2D220C7A05006120A1 /* DataModel.xcdatamodel */;
			path = DataModel.xcdatamodeld;
			sourceTree = "<group>";
			versionGroupType = wrapper.xcdatamodel;
		};
/* End XCVersionGroup section */
	};
	rootObject = 5400515021ECC429009B55D9 /* Project object */;
}
